
Microsoft Visual Studio Solution File, Format Version 12.00
# Visual Studio Version 18
VisualStudioVersion = 18.3.11520.95 d18.3
MinimumVisualStudioVersion = 10.0.40219.1
Project("{FAE04EC0-301F-11D3-BF4B-00C04F79EFBC}") = "SeleniumProject", "SeleniumProject.csproj", "{331CFE35-6A96-4A21-CE07-7225686E3B75}"
EndProject
Global
	GlobalSection(SolutionConfigurationPlatforms) = preSolution
		Debug|Any CPU = Debug|Any CPU
		Release|Any CPU = Release|Any CPU
	EndGlobalSection
	GlobalSection(ProjectConfigurationPlatforms) = postSolution
		{331CFE35-6A96-4A21-CE07-7225686E3B75}.Debug|Any CPU.ActiveCfg = Debug|Any CPU
		{331CFE35-6A96-4A21-CE07-7225686E3B75}.Debug|Any CPU.Build.0 = Debug|Any CPU
		{331CFE35-6A96-4A21-CE07-7225686E3B75}.Release|Any CPU.ActiveCfg = Release|Any CPU
		{331CFE35-6A96-4A21-CE07-7225686E3B75}.Release|Any CPU.Build.0 = Release|Any CPU
	EndGlobalSection
	GlobalSection(SolutionProperties) = preSolution
		HideSolutionNode = FALSE
	EndGlobalSection
	GlobalSection(ExtensibilityGlobals) = postSolution
		SolutionGuid = {51A50B3B-1D5D-4763-97D4-8D57C56B085C}
	EndGlobalSection
EndGlobal
